
Microsoft Visual Studio Solution File, Format Version 10.00
# Visual Studio 2008
Project("{8BC9CEB8-8B4A-11D0-8D11-00A0C91BC942}") = "7z", "Format7z_vs08.vcproj", "{1EAC1711-D6C8-467D-8A47-6D46BAC37234}"
EndProject
Global
	GlobalSection(SolutionConfigurationPlatforms) = preSolution
		Debug|Win32 = Debug|Win32
		Release|Win32 = Release|Win32
	EndGlobalSection
	GlobalSection(ProjectConfigurationPlatforms) = postSolution
		{1EAC1711-D6C8-467D-8A47-6D46BAC37234}.Debug|Win32.ActiveCfg = Debug|Win32
		{1EAC1711-D6C8-467D-8A47-6D46BAC37234}.Debug|Win32.Build.0 = Debug|Win32
		{1EAC1711-D6C8-467D-8A47-6D46BAC37234}.Release|Win32.ActiveCfg = Release|Win32
		{1EAC1711-D6C8-467D-8A47-6D46BAC37234}.Release|Win32.Build.0 = Release|Win32
	EndGlobalSection
	GlobalSection(SolutionProperties) = preSolution
		HideSolutionNode = FALSE
	EndGlobalSection
EndGlobal
